PODS:
  - DropDown (2.3.13)
  - SQLite.swift (0.14.1):
    - SQLite.swift/standard (= 0.14.1)
  - SQLite.swift/standard (0.14.1)

DEPENDENCIES:
  - DropDown
  - SQLite.swift (~> 0.14.1)

SPEC REPOS:
  trunk:
    - DropDown
    - SQLite.swift

SPEC CHECKSUMS:
  DropDown: 8a2116376c1981888557f72ec2ffc9a5e0e456ec
  SQLite.swift: 2992550ebf3c5b268bf4352603e3df87d2a4ed72

PODFILE CHECKSUM: c1c12623101fb03b776fff5a1664247119e19c18

COCOAPODS: 1.11.3
